// !$*UTF8*$!
{
	archiveVersion = 1;
	classes = {
	};
	objectVersion = 56;
	objects = {

/* Begin PBXBuildFile section */
		B3170D902AB066F2002726C1 /* NewsMoleRatApp.swift in Sources */ = {isa = PBXBuildFile; fileRef = B3170D8F2AB066F2002726C1 /* NewsMoleRatApp.swift */; };
		B3170D922AB066F2002726C1 /* ArticleListView.swift in Sources */ = {isa = PBXBuildFile; fileRef = B3170D912AB066F2002726C1 /* ArticleListView.swift */; };
		B3170D942AB066F4002726C1 /* Assets.xcassets in Resources */ = {isa = PBXBuildFile; fileRef = B3170D932AB066F4002726C1 /* Assets.xcassets */; };
		B3170D972AB066F4002726C1 /* Preview Assets.xcassets in Resources */ = {isa = PBXBuildFile; fileRef = B3170D962AB066F4002726C1 /* Preview Assets.xcassets */; };
		B3170D9E2AB06D4A002726C1 /* CardView.swift in Sources */ = {isa = PBXBuildFile; fileRef = B3170D9D2AB06D4A002726C1 /* CardView.swift */; };
		B3170DA12AB070F6002726C1 /* Article.swift in Sources */ = {isa = PBXBuildFile; fileRef = B3170DA02AB070F6002726C1 /* Article.swift */; };
		B3170DA32AB07699002726C1 /* ArticleDetailsView.swift in Sources */ = {isa = PBXBuildFile; fileRef = B3170DA22AB07699002726C1 /* ArticleDetailsView.swift */; };
		B3170DA52AB095F9002726C1 /* NewsApiResponse.swift in Sources */ = {isa = PBXBuildFile; fileRef = B3170DA42AB095F9002726C1 /* NewsApiResponse.swift */; };
		B3170DA72AB0B27A002726C1 /* ArticlesModel.swift in Sources */ = {isa = PBXBuildFile; fileRef = B3170DA62AB0B27A002726C1 /* ArticlesModel.swift */; };
		B3170DA92AB0CEB8002726C1 /* Media.xcassets in Resources */ = {isa = PBXBuildFile; fileRef = B3170DA82AB0CEB8002726C1 /* Media.xcassets */; };
		B3170DAD2AB1EBA2002726C1 /* SettingsView.swift in Sources */ = {isa = PBXBuildFile; fileRef = B3170DAC2AB1EBA2002726C1 /* SettingsView.swift */; };
		B3170DAF2AB1F072002726C1 /* Config.swift in Sources */ = {isa = PBXBuildFile; fileRef = B3170DAE2AB1F072002726C1 /* Config.swift */; };
		B3809A672AB443D8000ACCDE /* ImageView.swift in Sources */ = {isa = PBXBuildFile; fileRef = B3809A662AB443D8000ACCDE /* ImageView.swift */; };
		B3D7898A2AB8656F00F6A105 /* GoogleSignIn in Frameworks */ = {isa = PBXBuildFile; productRef = B3D789892AB8656F00F6A105 /* GoogleSignIn */; };
		B3D7898C2AB8656F00F6A105 /* GoogleSignInSwift in Frameworks */ = {isa = PBXBuildFile; productRef = B3D7898B2AB8656F00F6A105 /* GoogleSignInSwift */; };
		B3D7898F2AB867D400F6A105 /* UserAuthModel.swift in Sources */ = {isa = PBXBuildFile; fileRef = B3D7898E2AB867D400F6A105 /* UserAuthModel.swift */; };
		B3DF93DB2AB994FA00E621B6 /* LoginView.swift in Sources */ = {isa = PBXBuildFile; fileRef = B3DF93DA2AB994FA00E621B6 /* LoginView.swift */; };
/* End PBXBuildFile section */

/* Begin PBXFileReference section */
		B3170D8C2AB066F2002726C1 /* NewsMoleRat.app */ = {isa = PBXFileReference; explicitFileType = wrapper.application; includeInIndex = 0; path = NewsMoleRat.app; sourceTree = BUILT_PRODUCTS_DIR; };
		B3170D8F2AB066F2002726C1 /* NewsMoleRatApp.swift */ = {isa = PBXFileReference; lastKnownFileType = sourcecode.swift; path = NewsMoleRatApp.swift; sourceTree = "<group>"; };
		B3170D912AB066F2002726C1 /* ArticleListView.swift */ = {isa = PBXFileReference; lastKnownFileType = sourcecode.swift; path = ArticleListView.swift; sourceTree = "<group>"; };
		B3170D932AB066F4002726C1 /* Assets.xcassets */ = {isa = PBXFileReference; lastKnownFileType = folder.assetcatalog; path = Assets.xcassets; sourceTree = "<group>"; };
		B3170D962AB066F4002726C1 /* Preview Assets.xcassets */ = {isa = PBXFileReference; lastKnownFileType = folder.assetcatalog; path = "Preview Assets.xcassets"; sourceTree = "<group>"; };
		B3170D9D2AB06D4A002726C1 /* CardView.swift */ = {isa = PBXFileReference; lastKnownFileType = sourcecode.swift; path = CardView.swift; sourceTree = "<group>"; };
		B3170DA02AB070F6002726C1 /* Article.swift */ = {isa = PBXFileReference; lastKnownFileType = sourcecode.swift; path = Article.swift; sourceTree = "<group>"; };
		B3170DA22AB07699002726C1 /* ArticleDetailsView.swift */ = {isa = PBXFileReference; lastKnownFileType = sourcecode.swift; path = ArticleDetailsView.swift; sourceTree = "<group>"; };
		B3170DA42AB095F9002726C1 /* NewsApiResponse.swift */ = {isa = PBXFileReference; lastKnownFileType = sourcecode.swift; path = NewsApiResponse.swift; sourceTree = "<group>"; };
		B3170DA62AB0B27A002726C1 /* ArticlesModel.swift */ = {isa = PBXFileReference; lastKnownFileType = sourcecode.swift; path = ArticlesModel.swift; sourceTree = "<group>"; };
		B3170DA82AB0CEB8002726C1 /* Media.xcassets */ = {isa = PBXFileReference; lastKnownFileType = folder.assetcatalog; path = Media.xcassets; sourceTree = "<group>"; };
		B3170DAC2AB1EBA2002726C1 /* SettingsView.swift */ = {isa = PBXFileReference; lastKnownFileType = sourcecode.swift; path = SettingsView.swift; sourceTree = "<group>"; };
		B3170DAE2AB1F072002726C1 /* Config.swift */ = {isa = PBXFileReference; lastKnownFileType = sourcecode.swift; path = Config.swift; sourceTree = "<group>"; };
		B3809A662AB443D8000ACCDE /* ImageView.swift */ = {isa = PBXFileReference; lastKnownFileType = sourcecode.swift; path = ImageView.swift; sourceTree = "<group>"; };
		B3D7898D2AB865D200F6A105 /* Info.plist */ = {isa = PBXFileReference; lastKnownFileType = text.plist; path = Info.plist; sourceTree = "<group>"; };
		B3D7898E2AB867D400F6A105 /* UserAuthModel.swift */ = {isa = PBXFileReference; lastKnownFileType = sourcecode.swift; path = UserAuthModel.swift; sourceTree = "<group>"; usesTabs = 0; wrapsLines = 1; };
		B3DF93DA2AB994FA00E621B6 /* LoginView.swift */ = {isa = PBXFileReference; lastKnownFileType = sourcecode.swift; path = LoginView.swift; sourceTree = "<group>"; };
/* End PBXFileReference section */

/* Begin PBXFrameworksBuildPhase section */
		B3170D892AB066F2002726C1 /* Frameworks */ = {
			isa = PBXFrameworksBuildPhase;
			buildActionMask = 2147483647;
			files = (
				B3D7898A2AB8656F00F6A105 /* GoogleSignIn in Frameworks */,
				B3D7898C2AB8656F00F6A105 /* GoogleSignInSwift in Frameworks */,
			);
			runOnlyForDeploymentPostprocessing = 0;
		};
/* End PBXFrameworksBuildPhase section */

/* Begin PBXGroup section */
		B3170D832AB066F2002726C1 = {
			isa = PBXGroup;
			children = (
				B3170DA82AB0CEB8002726C1 /* Media.xcassets */,
				B3170D8E2AB066F2002726C1 /* NewsMoleRat */,
				B3170D8D2AB066F2002726C1 /* Products */,
			);
			sourceTree = "<group>";
		};
		B3170D8D2AB066F2002726C1 /* Products */ = {
			isa = PBXGroup;
			children = (
				B3170D8C2AB066F2002726C1 /* NewsMoleRat.app */,
			);
			name = Products;
			sourceTree = "<group>";
		};
		B3170D8E2AB066F2002726C1 /* NewsMoleRat */ = {
			isa = PBXGroup;
			children = (
				B3D7898D2AB865D200F6A105 /* Info.plist */,
				B3170DA22AB07699002726C1 /* ArticleDetailsView.swift */,
				B3170D912AB066F2002726C1 /* ArticleListView.swift */,
				B3170D9D2AB06D4A002726C1 /* CardView.swift */,
				B3DF93DA2AB994FA00E621B6 /* LoginView.swift */,
				B3170D8F2AB066F2002726C1 /* NewsMoleRatApp.swift */,
				B3170DAC2AB1EBA2002726C1 /* SettingsView.swift */,
				B3170D932AB066F4002726C1 /* Assets.xcassets */,
				B3170D9F2AB070E8002726C1 /* Models */,
				B3170D952AB066F4002726C1 /* Preview Content */,
				B3E66ABE2ABAE30500C1810E /* Shared */,
			);
			path = NewsMoleRat;
			sourceTree = "<group>";
		};
		B3170D952AB066F4002726C1 /* Preview Content */ = {
			isa = PBXGroup;
			children = (
				B3170D962AB066F4002726C1 /* Preview Assets.xcassets */,
			);
			path = "Preview Content";
			sourceTree = "<group>";
		};
		B3170D9F2AB070E8002726C1 /* Models */ = {
			isa = PBXGroup;
			children = (
				B3170DA02AB070F6002726C1 /* Article.swift */,
				B3170DA42AB095F9002726C1 /* NewsApiResponse.swift */,
				B3170DA62AB0B27A002726C1 /* ArticlesModel.swift */,
				B3170DAE2AB1F072002726C1 /* Config.swift */,
				B3D7898E2AB867D400F6A105 /* UserAuthModel.swift */,
			);
			path = Models;
			sourceTree = "<group>";
		};
		B3E66ABE2ABAE30500C1810E /* Shared */ = {
			isa = PBXGroup;
			children = (
				B3809A662AB443D8000ACCDE /* ImageView.swift */,
			);
			path = Shared;
			sourceTree = "<group>";
		};
/* End PBXGroup section */

/* Begin PBXNativeTarget section */
		B3170D8B2AB066F2002726C1 /* NewsMoleRat */ = {
			isa = PBXNativeTarget;
			buildConfigurationList = B3170D9A2AB066F4002726C1 /* Build configuration list for PBXNativeTarget "NewsMoleRat" */;
			buildPhases = (
				B3170D882AB066F2002726C1 /* Sources */,
				B3170D892AB066F2002726C1 /* Frameworks */,
				B3170D8A2AB066F2002726C1 /* Resources */,
			);
			buildRules = (
			);
			dependencies = (
			);
			name = NewsMoleRat;
			packageProductDependencies = (
				B3D789892AB8656F00F6A105 /* GoogleSignIn */,
				B3D7898B2AB8656F00F6A105 /* GoogleSignInSwift */,
			);
			productName = NewsMoleRat;
			productReference = B3170D8C2AB066F2002726C1 /* NewsMoleRat.app */;
			productType = "com.apple.product-type.application";
		};
/* End PBXNativeTarget section */

/* Begin PBXProject section */
		B3170D842AB066F2002726C1 /* Project object */ = {
			isa = PBXProject;
			attributes = {
				BuildIndependentTargetsInParallel = 1;
				LastSwiftUpdateCheck = 1430;
				LastUpgradeCheck = 1430;
				TargetAttributes = {
					B3170D8B2AB066F2002726C1 = {
						CreatedOnToolsVersion = 14.3.1;
					};
				};
			};
			buildConfigurationList = B3170D872AB066F2002726C1 /* Build configuration list for PBXProject "NewsMoleRat" */;
			compatibilityVersion = "Xcode 14.0";
			developmentRegion = en;
			hasScannedForEncodings = 0;
			knownRegions = (
				en,
				Base,
			);
			mainGroup = B3170D832AB066F2002726C1;
			packageReferences = (
				B3D789882AB8656F00F6A105 /* XCRemoteSwiftPackageReference "GoogleSignIn-iOS" */,
			);
			productRefGroup = B3170D8D2AB066F2002726C1 /* Products */;
			projectDirPath = "";
			projectRoot = "";
			targets = (
				B3170D8B2AB066F2002726C1 /* NewsMoleRat */,
			);
		};
/* End PBXProject section */

/* Begin PBXResourcesBuildPhase section */
		B3170D8A2AB066F2002726C1 /* Resources */ = {
			isa = PBXResourcesBuildPhase;
			buildActionMask = 2147483647;
			files = (
				B3170D972AB066F4002726C1 /* Preview Assets.xcassets in Resources */,
				B3170DA92AB0CEB8002726C1 /* Media.xcassets in Resources */,
				B3170D942AB066F4002726C1 /* Assets.xcassets in Resources */,
			);
			runOnlyForDeploymentPostprocessing = 0;
		};
/* End PBXResourcesBuildPhase section */

/* Begin PBXSourcesBuildPhase section */
		B3170D882AB066F2002726C1 /* Sources */ = {
			isa = PBXSourcesBuildPhase;
			buildActionMask = 2147483647;
			files = (
				B3809A672AB443D8000ACCDE /* ImageView.swift in Sources */,
				B3170D922AB066F2002726C1 /* ArticleListView.swift in Sources */,
				B3170D9E2AB06D4A002726C1 /* CardView.swift in Sources */,
				B3170DAF2AB1F072002726C1 /* Config.swift in Sources */,
				B3D7898F2AB867D400F6A105 /* UserAuthModel.swift in Sources */,
				B3170DAD2AB1EBA2002726C1 /* SettingsView.swift in Sources */,
				B3DF93DB2AB994FA00E621B6 /* LoginView.swift in Sources */,
				B3170DA12AB070F6002726C1 /* Article.swift in Sources */,
				B3170DA72AB0B27A002726C1 /* ArticlesModel.swift in Sources */,
				B3170D902AB066F2002726C1 /* NewsMoleRatApp.swift in Sources */,
				B3170DA52AB095F9002726C1 /* NewsApiResponse.swift in Sources */,
				B3170DA32AB07699002726C1 /* ArticleDetailsView.swift in Sources */,
			);
			runOnlyForDeploymentPostprocessing = 0;
		};
/* End PBXSourcesBuildPhase section */

/* Begin XCBuildConfiguration section */
		B3170D982AB066F4002726C1 /* Debug */ = {
			isa = XCBuildConfiguration;
			buildSettings = {
				ALWAYS_SEARCH_USER_PATHS = NO;
				CLANG_ANALYZER_NONNULL = YES;
				CLANG_ANALYZER_NUMBER_OBJECT_CONVERSION = YES_AGGRESSIVE;
				CLANG_CXX_LANGUAGE_STANDARD = "gnu++20";
				CLANG_ENABLE_MODULES = YES;
				CLANG_ENABLE_OBJC_ARC = YES;
				CLANG_ENABLE_OBJC_WEAK = YES;
				CLANG_WARN_BLOCK_CAPTURE_AUTORELEASING = YES;
				CLANG_WARN_BOOL_CONVERSION = YES;
				CLANG_WARN_COMMA = YES;
				CLANG_WARN_CONSTANT_CONVERSION = YES;
				CLANG_WARN_DEPRECATED_OBJC_IMPLEMENTATIONS = YES;
				CLANG_WARN_DIRECT_OBJC_ISA_USAGE = YES_ERROR;
				CLANG_WARN_DOCUMENTATION_COMMENTS = YES;
				CLANG_WARN_EMPTY_BODY = YES;
				CLANG_WARN_ENUM_CONVERSION = YES;
				CLANG_WARN_INFINITE_RECURSION = YES;
				CLANG_WARN_INT_CONVERSION = YES;
				CLANG_WARN_NON_LITERAL_NULL_CONVERSION = YES;
				CLANG_WARN_OBJC_IMPLICIT_RETAIN_SELF = YES;
				CLANG_WARN_OBJC_LITERAL_CONVERSION = YES;
				CLANG_WARN_OBJC_ROOT_CLASS = YES_ERROR;
				CLANG_WARN_QUOTED_INCLUDE_IN_FRAMEWORK_HEADER = YES;
				CLANG_WARN_RANGE_LOOP_ANALYSIS = YES;
				CLANG_WARN_STRICT_PROTOTYPES = YES;
				CLANG_WARN_SUSPICIOUS_MOVE = YES;
				CLANG_WARN_UNGUARDED_AVAILABILITY = YES_AGGRESSIVE;
				CLANG_WARN_UNREACHABLE_CODE = YES;
				CLANG_WARN__DUPLICATE_METHOD_MATCH = YES;
				COPY_PHASE_STRIP = NO;
				DEBUG_INFORMATION_FORMAT = dwarf;
				ENABLE_STRICT_OBJC_MSGSEND = YES;
				ENABLE_TESTABILITY = YES;
				GCC_C_LANGUAGE_STANDARD = gnu11;
				GCC_DYNAMIC_NO_PIC = NO;
				GCC_NO_COMMON_BLOCKS = YES;
				GCC_OPTIMIZATION_LEVEL = 0;
				GCC_PREPROCESSOR_DEFINITIONS = (
					"DEBUG=1",
					"$(inherited)",
				);
				GCC_WARN_64_TO_32_BIT_CONVERSION = YES;
				GCC_WARN_ABOUT_RETURN_TYPE = YES_ERROR;
				GCC_WARN_UNDECLARED_SELECTOR = YES;
				GCC_WARN_UNINITIALIZED_AUTOS = YES_AGGRESSIVE;
				GCC_WARN_UNUSED_FUNCTION = YES;
				GCC_WARN_UNUSED_VARIABLE = YES;
				IPHONEOS_DEPLOYMENT_TARGET = 16.4;
				MTL_ENABLE_DEBUG_INFO = INCLUDE_SOURCE;
				MTL_FAST_MATH = YES;
				ONLY_ACTIVE_ARCH = YES;
				SDKROOT = iphoneos;
				SWIFT_ACTIVE_COMPILATION_CONDITIONS = DEBUG;
				SWIFT_OPTIMIZATION_LEVEL = "-Onone";
			};
			name = Debug;
		};
		B3170D992AB066F4002726C1 /* Release */ = {
			isa = XCBuildConfiguration;
			buildSettings = {
				ALWAYS_SEARCH_USER_PATHS = NO;
				CLANG_ANALYZER_NONNULL = YES;
				CLANG_ANALYZER_NUMBER_OBJECT_CONVERSION = YES_AGGRESSIVE;
				CLANG_CXX_LANGUAGE_STANDARD = "gnu++20";
				CLANG_ENABLE_MODULES = YES;
				CLANG_ENABLE_OBJC_ARC = YES;
				CLANG_ENABLE_OBJC_WEAK = YES;
				CLANG_WARN_BLOCK_CAPTURE_AUTORELEASING = YES;
				CLANG_WARN_BOOL_CONVERSION = YES;
				CLANG_WARN_COMMA = YES;
				CLANG_WARN_CONSTANT_CONVERSION = YES;
				CLANG_WARN_DEPRECATED_OBJC_IMPLEMENTATIONS = YES;
				CLANG_WARN_DIRECT_OBJC_ISA_USAGE = YES_ERROR;
				CLANG_WARN_DOCUMENTATION_COMMENTS = YES;
				CLANG_WARN_EMPTY_BODY = YES;
				CLANG_WARN_ENUM_CONVERSION = YES;
				CLANG_WARN_INFINITE_RECURSION = YES;
				CLANG_WARN_INT_CONVERSION = YES;
				CLANG_WARN_NON_LITERAL_NULL_CONVERSION = YES;
				CLANG_WARN_OBJC_IMPLICIT_RETAIN_SELF = YES;
				CLANG_WARN_OBJC_LITERAL_CONVERSION = YES;
				CLANG_WARN_OBJC_ROOT_CLASS = YES_ERROR;
				CLANG_WARN_QUOTED_INCLUDE_IN_FRAMEWORK_HEADER = YES;
				CLANG_WARN_RANGE_LOOP_ANALYSIS = YES;
				CLANG_WARN_STRICT_PROTOTYPES = YES;
				CLANG_WARN_SUSPICIOUS_MOVE = YES;
				CLANG_WARN_UNGUARDED_AVAILABILITY = YES_AGGRESSIVE;
				CLANG_WARN_UNREACHABLE_CODE = YES;
				CLANG_WARN__DUPLICATE_METHOD_MATCH = YES;
				COPY_PHASE_STRIP = NO;
				DEBUG_INFORMATION_FORMAT = "dwarf-with-dsym";
				ENABLE_NS_ASSERTIONS = NO;
				ENABLE_STRICT_OBJC_MSGSEND = YES;
				GCC_C_LANGUAGE_STANDARD = gnu11;
				GCC_NO_COMMON_BLOCKS = YES;
				GCC_WARN_64_TO_32_BIT_CONVERSION = YES;
				GCC_WARN_ABOUT_RETURN_TYPE = YES_ERROR;
				GCC_WARN_UNDECLARED_SELECTOR = YES;
				GCC_WARN_UNINITIALIZED_AUTOS = YES_AGGRESSIVE;
				GCC_WARN_UNUSED_FUNCTION = YES;
				GCC_WARN_UNUSED_VARIABLE = YES;
				IPHONEOS_DEPLOYMENT_TARGET = 16.4;
				MTL_ENABLE_DEBUG_INFO = NO;
				MTL_FAST_MATH = YES;
				SDKROOT = iphoneos;
				SWIFT_COMPILATION_MODE = wholemodule;
				SWIFT_OPTIMIZATION_LEVEL = "-O";
				VALIDATE_PRODUCT = YES;
			};
			name = Release;
		};
		B3170D9B2AB066F4002726C1 /* Debug */ = {
			isa = XCBuildConfiguration;
			buildSettings = {
				ASSETCATALOG_COMPILER_APPICON_NAME = AppIcon;
				ASSETCATALOG_COMPILER_GLOBAL_ACCENT_COLOR_NAME = AccentColor;
				CODE_SIGN_STYLE = Automatic;
				CURRENT_PROJECT_VERSION = 1;
				DEVELOPMENT_ASSET_PATHS = "\"NewsMoleRat/Preview Content\"";
				DEVELOPMENT_TEAM = XB9A8PN857;
				ENABLE_PREVIEWS = YES;
				GENERATE_INFOPLIST_FILE = YES;
				INFOPLIST_FILE = NewsMoleRat/Info.plist;
				INFOPLIST_KEY_LSApplicationCategoryType = "public.app-category.news";
				INFOPLIST_KEY_UIApplicationSceneManifest_Generation = YES;
				INFOPLIST_KEY_UIApplicationSupportsIndirectInputEvents = YES;
				INFOPLIST_KEY_UILaunchScreen_Generation = YES;
				INFOPLIST_KEY_UISupportedInterfaceOrientations_iPad = "UIInterfaceOrientationPortrait UIInterfaceOrientationPortraitUpsideDown UIInterfaceOrientationLandscapeLeft UIInterfaceOrientationLandscapeRight";
				INFOPLIST_KEY_UISupportedInterfaceOrientations_iPhone = "UIInterfaceOrientationPortrait UIInterfaceOrientationLandscapeLeft UIInterfaceOrientationLandscapeRight";
				IPHONEOS_DEPLOYMENT_TARGET = 17.0;
				LD_RUNPATH_SEARCH_PATHS = (
					"$(inherited)",
					"@executable_path/Frameworks",
				);
				MARKETING_VERSION = 1.0;
				PRODUCT_BUNDLE_IDENTIFIER = hu.lilagoz.NewsMoleRat;
				PRODUCT_NAME = "$(TARGET_NAME)";
				SWIFT_EMIT_LOC_STRINGS = YES;
				SWIFT_VERSION = 5.0;
				TARGETED_DEVICE_FAMILY = "1,2";
			};
			name = Debug;
		};
		B3170D9C2AB066F4002726C1 /* Release */ = {
			isa = XCBuildConfiguration;
			buildSettings = {
				ASSETCATALOG_COMPILER_APPICON_NAME = AppIcon;
				ASSETCATALOG_COMPILER_GLOBAL_ACCENT_COLOR_NAME = AccentColor;
				CODE_SIGN_STYLE = Automatic;
				CURRENT_PROJECT_VERSION = 1;
				DEVELOPMENT_ASSET_PATHS = "\"NewsMoleRat/Preview Content\"";
				DEVELOPMENT_TEAM = XB9A8PN857;
				ENABLE_PREVIEWS = YES;
				GENERATE_INFOPLIST_FILE = YES;
				INFOPLIST_FILE = NewsMoleRat/Info.plist;
				INFOPLIST_KEY_LSApplicationCategoryType = "public.app-category.news";
				INFOPLIST_KEY_UIApplicationSceneManifest_Generation = YES;
				INFOPLIST_KEY_UIApplicationSupportsIndirectInputEvents = YES;
				INFOPLIST_KEY_UILaunchScreen_Generation = YES;
				INFOPLIST_KEY_UISupportedInterfaceOrientations_iPad = "UIInterfaceOrientationPortrait UIInterfaceOrientationPortraitUpsideDown UIInterfaceOrientationLandscapeLeft UIInterfaceOrientationLandscapeRight";
				INFOPLIST_KEY_UISupportedInterfaceOrientations_iPhone = "UIInterfaceOrientationPortrait UIInterfaceOrientationLandscapeLeft UIInterfaceOrientationLandscapeRight";
				IPHONEOS_DEPLOYMENT_TARGET = 17.0;
				LD_RUNPATH_SEARCH_PATHS = (
					"$(inherited)",
					"@executable_path/Frameworks",
				);
				MARKETING_VERSION = 1.0;
				PRODUCT_BUNDLE_IDENTIFIER = hu.lilagoz.NewsMoleRat;
				PRODUCT_NAME = "$(TARGET_NAME)";
				SWIFT_EMIT_LOC_STRINGS = YES;
				SWIFT_VERSION = 5.0;
				TARGETED_DEVICE_FAMILY = "1,2";
			};
			name = Release;
		};
/* End XCBuildConfiguration section */

/* Begin XCConfigurationList section */
		B3170D872AB066F2002726C1 /* Build configuration list for PBXProject "NewsMoleRat" */ = {
			isa = XCConfigurationList;
			buildConfigurations = (
				B3170D982AB066F4002726C1 /* Debug */,
				B3170D992AB066F4002726C1 /* Release */,
			);
			defaultConfigurationIsVisible = 0;
			defaultConfigurationName = Release;
		};
		B3170D9A2AB066F4002726C1 /* Build configuration list for PBXNativeTarget "NewsMoleRat" */ = {
			isa = XCConfigurationList;
			buildConfigurations = (
				B3170D9B2AB066F4002726C1 /* Debug */,
				B3170D9C2AB066F4002726C1 /* Release */,
			);
			defaultConfigurationIsVisible = 0;
			defaultConfigurationName = Release;
		};
/* End XCConfigurationList section */

/* Begin XCRemoteSwiftPackageReference section */
		B3D789882AB8656F00F6A105 /* XCRemoteSwiftPackageReference "GoogleSignIn-iOS" */ = {
			isa = XCRemoteSwiftPackageReference;
			repositoryURL = "https://github.com/google/GoogleSignIn-iOS";
			requirement = {
				kind = upToNextMajorVersion;
				minimumVersion = 7.0.0;
			};
		};
/* End XCRemoteSwiftPackageReference section */

/* Begin XCSwiftPackageProductDependency section */
		B3D789892AB8656F00F6A105 /* GoogleSignIn */ = {
			isa = XCSwiftPackageProductDependency;
			package = B3D789882AB8656F00F6A105 /* XCRemoteSwiftPackageReference "GoogleSignIn-iOS" */;
			productName = GoogleSignIn;
		};
		B3D7898B2AB8656F00F6A105 /* GoogleSignInSwift */ = {
			isa = XCSwiftPackageProductDependency;
			package = B3D789882AB8656F00F6A105 /* XCRemoteSwiftPackageReference "GoogleSignIn-iOS" */;
			productName = GoogleSignInSwift;
		};
/* End XCSwiftPackageProductDependency section */
	};
	rootObject = B3170D842AB066F2002726C1 /* Project object */;
}
